
Microsoft Visual Studio Solution File, Format Version 12.00
# Visual Studio Version 17
VisualStudioVersion = 17.1.32210.238
MinimumVisualStudioVersion = 10.0.40219.1
Project("{FAE04EC0-301F-11D3-BF4B-00C04F79EFBC}") = "Winform_Entity", "Winform_Entity\Winform_Entity.csproj", "{4C8375FD-0643-4EB1-B5E9-ECCD4D2602E9}"
EndProject
Project("{FAE04EC0-301F-11D3-BF4B-00C04F79EFBC}") = "MyProJect.DTO", "MyProJect.DTO\MyProJect.DTO.csproj", "{8DE6A460-2AAB-4420-81FC-E6BBE674EDF3}"
EndProject
Project("{FAE04EC0-301F-11D3-BF4B-00C04F79EFBC}") = "MyProject.EF", "MyProject.EF\MyProject.EF.csproj", "{B7B53527-90F8-4C89-B265-150841C0F7BF}"
EndProject
Global
	GlobalSection(SolutionConfigurationPlatforms) = preSolution
		Debug|Any CPU = Debug|Any CPU
		Release|Any CPU = Release|Any CPU
	EndGlobalSection
	GlobalSection(ProjectConfigurationPlatforms) = postSolution
		{4C8375FD-0643-4EB1-B5E9-ECCD4D2602E9}.Debug|Any CPU.ActiveCfg = Debug|Any CPU
		{4C8375FD-0643-4EB1-B5E9-ECCD4D2602E9}.Debug|Any CPU.Build.0 = Debug|Any CPU
		{4C8375FD-0643-4EB1-B5E9-ECCD4D2602E9}.Release|Any CPU.ActiveCfg = Release|Any CPU
		{4C8375FD-0643-4EB1-B5E9-ECCD4D2602E9}.Release|Any CPU.Build.0 = Release|Any CPU
		{8DE6A460-2AAB-4420-81FC-E6BBE674EDF3}.Debug|Any CPU.ActiveCfg = Debug|Any CPU
		{8DE6A460-2AAB-4420-81FC-E6BBE674EDF3}.Debug|Any CPU.Build.0 = Debug|Any CPU
		{8DE6A460-2AAB-4420-81FC-E6BBE674EDF3}.Release|Any CPU.ActiveCfg = Release|Any CPU
		{8DE6A460-2AAB-4420-81FC-E6BBE674EDF3}.Release|Any CPU.Build.0 = Release|Any CPU
		{B7B53527-90F8-4C89-B265-150841C0F7BF}.Debug|Any CPU.ActiveCfg = Debug|Any CPU
		{B7B53527-90F8-4C89-B265-150841C0F7BF}.Debug|Any CPU.Build.0 = Debug|Any CPU
		{B7B53527-90F8-4C89-B265-150841C0F7BF}.Release|Any CPU.ActiveCfg = Release|Any CPU
		{B7B53527-90F8-4C89-B265-150841C0F7BF}.Release|Any CPU.Build.0 = Release|Any CPU
	EndGlobalSection
	GlobalSection(SolutionProperties) = preSolution
		HideSolutionNode = FALSE
	EndGlobalSection
	GlobalSection(ExtensibilityGlobals) = postSolution
		SolutionGuid = {B092B068-6D61-4677-884B-E66410D12849}
	EndGlobalSection
EndGlobal
